
Microsoft Visual Studio Solution File, Format Version 12.00
# Visual Studio Version 17
VisualStudioVersion = 17.10.35027.167
MinimumVisualStudioVersion = 10.0.40219.1
Project("{2150E333-8FDC-42A3-9474-1A3956D46DE8}") = "Services", "Services", "{0BDD26A3-CD09-4782-B2FA-CFD0E7622B4A}"
EndProject
Project("{2150E333-8FDC-42A3-9474-1A3956D46DE8}") = "Catalog", "Catalog", "{AD2022CB-E806-4239-9284-686439AFB5BB}"
EndProject
Project("{9A19103F-16F7-4668-BE54-9A1E7A4F7556}") = "Course.Services.Catalog", "Services\Catalog\Course.Services.Catalog\Course.Services.Catalog.csproj", "{66B6F179-2337-40F0-9605-BB4CFB55CD72}"
EndProject
Project("{2150E333-8FDC-42A3-9474-1A3956D46DE8}") = "Solution Items", "Solution Items", "{7BC9CB3A-6545-45EF-9755-350AB6A89B58}"
	ProjectSection(SolutionItems) = preProject
		Port.txt = Port.txt
	EndProjectSection
EndProject
Project("{2150E333-8FDC-42A3-9474-1A3956D46DE8}") = "Shared", "Shared", "{7FC2B06D-C3C2-4B6B-A2CD-CCB88357ABA7}"
EndProject
Project("{9A19103F-16F7-4668-BE54-9A1E7A4F7556}") = "Course.Shread", "Shared\Course.Shread\Course.Shread.csproj", "{51A7710A-E41C-40EE-BCE2-53212BFE8CCE}"
EndProject
Project("{2150E333-8FDC-42A3-9474-1A3956D46DE8}") = "IdentityServer", "IdentityServer", "{47B88488-0565-40F5-8EC7-A893C8554E88}"
EndProject
Project("{9A19103F-16F7-4668-BE54-9A1E7A4F7556}") = "Course.IdentityServer", "IdentityServer\Course.IdentityServer\Course.IdentityServer.csproj", "{9672E369-44EA-477B-98E3-6D0653F9FE13}"
EndProject
Project("{2150E333-8FDC-42A3-9474-1A3956D46DE8}") = "PhotoStock", "PhotoStock", "{78DC8B30-8AC7-41DB-8A3A-E05B144BA939}"
EndProject
Project("{9A19103F-16F7-4668-BE54-9A1E7A4F7556}") = "Course.Service.PhotoStock", "Services\PhotoStock\Course.Service.PhotoStock\Course.Service.PhotoStock.csproj", "{13821AA5-5501-4CA8-926D-5C6844A1E8D5}"
EndProject
Project("{2150E333-8FDC-42A3-9474-1A3956D46DE8}") = "Basket", "Basket", "{6CCB77F6-DF8D-4B48-BE5A-CFDC29C1C647}"
EndProject
Project("{9A19103F-16F7-4668-BE54-9A1E7A4F7556}") = "Course.Services.Basket", "Services\Basket\Course.Services.Basket\Course.Services.Basket.csproj", "{C15687F2-BFA8-409E-B623-21B73CA55365}"
EndProject
Project("{2150E333-8FDC-42A3-9474-1A3956D46DE8}") = "Discount", "Discount", "{ED993D48-6146-4A57-964D-8D172CF748E8}"
EndProject
Project("{9A19103F-16F7-4668-BE54-9A1E7A4F7556}") = "Course.Services.Discount", "Services\Discount\Course.Services.Discount\Course.Services.Discount.csproj", "{1FABDACB-0F55-4915-BFCC-9FCBD7C12677}"
EndProject
Project("{2150E333-8FDC-42A3-9474-1A3956D46DE8}") = "Order", "Order", "{C741155F-AE0C-48F6-8FAD-6F50D125E4C7}"
EndProject
Project("{FAE04EC0-301F-11D3-BF4B-00C04F79EFBC}") = "Course.Services.Order.API", "Services\Order\Course.Services.Order.API\Course.Services.Order.API.csproj", "{5338626B-AA50-4139-9784-B09ABDA3978C}"
EndProject
Project("{FAE04EC0-301F-11D3-BF4B-00C04F79EFBC}") = "Course.Services.Order.Application", "Services\Order\Course.Services.Order.Application\Course.Services.Order.Application.csproj", "{998AA0B3-4FEF-4CCA-958C-281E2B673925}"
EndProject
Project("{FAE04EC0-301F-11D3-BF4B-00C04F79EFBC}") = "Course.Services.Order.Domain", "Services\Order\Course.Services.Order.Domain\Course.Services.Order.Domain.csproj", "{6085CFB3-6515-4D3F-AF26-2AD66FE3465F}"
EndProject
Project("{FAE04EC0-301F-11D3-BF4B-00C04F79EFBC}") = "Course.Services.Order.Domain.Core", "Services\Order\Course.Services.Order.Domain.Core\Course.Services.Order.Domain.Core.csproj", "{3123E096-A862-462B-B29F-8EBEC1228B77}"
EndProject
Project("{FAE04EC0-301F-11D3-BF4B-00C04F79EFBC}") = "Course.Services.Order.Infrastructure", "Services\Order\Course.Services.Order.Infrastructure\Course.Services.Order.Infrastructure.csproj", "{07112D03-F51C-429B-AA26-284B9132418B}"
EndProject
Global
	GlobalSection(SolutionConfigurationPlatforms) = preSolution
		Debug|Any CPU = Debug|Any CPU
		Release|Any CPU = Release|Any CPU
	EndGlobalSection
	GlobalSection(ProjectConfigurationPlatforms) = postSolution
		{66B6F179-2337-40F0-9605-BB4CFB55CD72}.Debug|Any CPU.ActiveCfg = Debug|Any CPU
		{66B6F179-2337-40F0-9605-BB4CFB55CD72}.Debug|Any CPU.Build.0 = Debug|Any CPU
		{66B6F179-2337-40F0-9605-BB4CFB55CD72}.Release|Any CPU.ActiveCfg = Release|Any CPU
		{66B6F179-2337-40F0-9605-BB4CFB55CD72}.Release|Any CPU.Build.0 = Release|Any CPU
		{51A7710A-E41C-40EE-BCE2-53212BFE8CCE}.Debug|Any CPU.ActiveCfg = Debug|Any CPU
		{51A7710A-E41C-40EE-BCE2-53212BFE8CCE}.Debug|Any CPU.Build.0 = Debug|Any CPU
		{51A7710A-E41C-40EE-BCE2-53212BFE8CCE}.Release|Any CPU.ActiveCfg = Release|Any CPU
		{51A7710A-E41C-40EE-BCE2-53212BFE8CCE}.Release|Any CPU.Build.0 = Release|Any CPU
		{9672E369-44EA-477B-98E3-6D0653F9FE13}.Debug|Any CPU.ActiveCfg = Debug|Any CPU
		{9672E369-44EA-477B-98E3-6D0653F9FE13}.Debug|Any CPU.Build.0 = Debug|Any CPU
		{9672E369-44EA-477B-98E3-6D0653F9FE13}.Release|Any CPU.ActiveCfg = Release|Any CPU
		{9672E369-44EA-477B-98E3-6D0653F9FE13}.Release|Any CPU.Build.0 = Release|Any CPU
		{13821AA5-5501-4CA8-926D-5C6844A1E8D5}.Debug|Any CPU.ActiveCfg = Debug|Any CPU
		{13821AA5-5501-4CA8-926D-5C6844A1E8D5}.Debug|Any CPU.Build.0 = Debug|Any CPU
		{13821AA5-5501-4CA8-926D-5C6844A1E8D5}.Release|Any CPU.ActiveCfg = Release|Any CPU
		{13821AA5-5501-4CA8-926D-5C6844A1E8D5}.Release|Any CPU.Build.0 = Release|Any CPU
		{C15687F2-BFA8-409E-B623-21B73CA55365}.Debug|Any CPU.ActiveCfg = Debug|Any CPU
		{C15687F2-BFA8-409E-B623-21B73CA55365}.Debug|Any CPU.Build.0 = Debug|Any CPU
		{C15687F2-BFA8-409E-B623-21B73CA55365}.Release|Any CPU.ActiveCfg = Release|Any CPU
		{C15687F2-BFA8-409E-B623-21B73CA55365}.Release|Any CPU.Build.0 = Release|Any CPU
		{1FABDACB-0F55-4915-BFCC-9FCBD7C12677}.Debug|Any CPU.ActiveCfg = Debug|Any CPU
		{1FABDACB-0F55-4915-BFCC-9FCBD7C12677}.Debug|Any CPU.Build.0 = Debug|Any CPU
		{1FABDACB-0F55-4915-BFCC-9FCBD7C12677}.Release|Any CPU.ActiveCfg = Release|Any CPU
		{1FABDACB-0F55-4915-BFCC-9FCBD7C12677}.Release|Any CPU.Build.0 = Release|Any CPU
		{5338626B-AA50-4139-9784-B09ABDA3978C}.Debug|Any CPU.ActiveCfg = Debug|Any CPU
		{5338626B-AA50-4139-9784-B09ABDA3978C}.Debug|Any CPU.Build.0 = Debug|Any CPU
		{5338626B-AA50-4139-9784-B09ABDA3978C}.Release|Any CPU.ActiveCfg = Release|Any CPU
		{5338626B-AA50-4139-9784-B09ABDA3978C}.Release|Any CPU.Build.0 = Release|Any CPU
		{998AA0B3-4FEF-4CCA-958C-281E2B673925}.Debug|Any CPU.ActiveCfg = Debug|Any CPU
		{998AA0B3-4FEF-4CCA-958C-281E2B673925}.Debug|Any CPU.Build.0 = Debug|Any CPU
		{998AA0B3-4FEF-4CCA-958C-281E2B673925}.Release|Any CPU.ActiveCfg = Release|Any CPU
		{998AA0B3-4FEF-4CCA-958C-281E2B673925}.Release|Any CPU.Build.0 = Release|Any CPU
		{6085CFB3-6515-4D3F-AF26-2AD66FE3465F}.Debug|Any CPU.ActiveCfg = Debug|Any CPU
		{6085CFB3-6515-4D3F-AF26-2AD66FE3465F}.Debug|Any CPU.Build.0 = Debug|Any CPU
		{6085CFB3-6515-4D3F-AF26-2AD66FE3465F}.Release|Any CPU.ActiveCfg = Release|Any CPU
		{6085CFB3-6515-4D3F-AF26-2AD66FE3465F}.Release|Any CPU.Build.0 = Release|Any CPU
		{3123E096-A862-462B-B29F-8EBEC1228B77}.Debug|Any CPU.ActiveCfg = Debug|Any CPU
		{3123E096-A862-462B-B29F-8EBEC1228B77}.Debug|Any CPU.Build.0 = Debug|Any CPU
		{3123E096-A862-462B-B29F-8EBEC1228B77}.Release|Any CPU.ActiveCfg = Release|Any CPU
		{3123E096-A862-462B-B29F-8EBEC1228B77}.Release|Any CPU.Build.0 = Release|Any CPU
		{07112D03-F51C-429B-AA26-284B9132418B}.Debug|Any CPU.ActiveCfg = Debug|Any CPU
		{07112D03-F51C-429B-AA26-284B9132418B}.Debug|Any CPU.Build.0 = Debug|Any CPU
		{07112D03-F51C-429B-AA26-284B9132418B}.Release|Any CPU.ActiveCfg = Release|Any CPU
		{07112D03-F51C-429B-AA26-284B9132418B}.Release|Any CPU.Build.0 = Release|Any CPU
	EndGlobalSection
	GlobalSection(SolutionProperties) = preSolution
		HideSolutionNode = FALSE
	EndGlobalSection
	GlobalSection(NestedProjects) = preSolution
		{AD2022CB-E806-4239-9284-686439AFB5BB} = {0BDD26A3-CD09-4782-B2FA-CFD0E7622B4A}
		{66B6F179-2337-40F0-9605-BB4CFB55CD72} = {AD2022CB-E806-4239-9284-686439AFB5BB}
		{51A7710A-E41C-40EE-BCE2-53212BFE8CCE} = {7FC2B06D-C3C2-4B6B-A2CD-CCB88357ABA7}
		{9672E369-44EA-477B-98E3-6D0653F9FE13} = {47B88488-0565-40F5-8EC7-A893C8554E88}
		{78DC8B30-8AC7-41DB-8A3A-E05B144BA939} = {0BDD26A3-CD09-4782-B2FA-CFD0E7622B4A}
		{13821AA5-5501-4CA8-926D-5C6844A1E8D5} = {78DC8B30-8AC7-41DB-8A3A-E05B144BA939}
		{6CCB77F6-DF8D-4B48-BE5A-CFDC29C1C647} = {0BDD26A3-CD09-4782-B2FA-CFD0E7622B4A}
		{C15687F2-BFA8-409E-B623-21B73CA55365} = {6CCB77F6-DF8D-4B48-BE5A-CFDC29C1C647}
		{ED993D48-6146-4A57-964D-8D172CF748E8} = {0BDD26A3-CD09-4782-B2FA-CFD0E7622B4A}
		{1FABDACB-0F55-4915-BFCC-9FCBD7C12677} = {ED993D48-6146-4A57-964D-8D172CF748E8}
		{C741155F-AE0C-48F6-8FAD-6F50D125E4C7} = {0BDD26A3-CD09-4782-B2FA-CFD0E7622B4A}
		{5338626B-AA50-4139-9784-B09ABDA3978C} = {C741155F-AE0C-48F6-8FAD-6F50D125E4C7}
		{998AA0B3-4FEF-4CCA-958C-281E2B673925} = {C741155F-AE0C-48F6-8FAD-6F50D125E4C7}
		{6085CFB3-6515-4D3F-AF26-2AD66FE3465F} = {C741155F-AE0C-48F6-8FAD-6F50D125E4C7}
		{3123E096-A862-462B-B29F-8EBEC1228B77} = {C741155F-AE0C-48F6-8FAD-6F50D125E4C7}
		{07112D03-F51C-429B-AA26-284B9132418B} = {C741155F-AE0C-48F6-8FAD-6F50D125E4C7}
	EndGlobalSection
	GlobalSection(ExtensibilityGlobals) = postSolution
		SolutionGuid = {71EAD770-6128-4C54-870A-596E0CAF0132}
	EndGlobalSection
EndGlobal
